// !$*UTF8*$!
{
	archiveVersion = 1;
	classes = {
	};
	objectVersion = 46;
	objects = {

/* Begin PBXBuildFile section */
		F5CC136117EF8B6800F2CF63 /* Foundation.framework in Frameworks */ = {isa = PBXBuildFile; fileRef = F5CC136017EF8B6800F2CF63 /* Foundation.framework */; };
		F5CC136317EF8B6800F2CF63 /* CoreGraphics.framework in Frameworks */ = {isa = PBXBuildFile; fileRef = F5CC136217EF8B6800F2CF63 /* CoreGraphics.framework */; };
		F5CC136517EF8B6800F2CF63 /* UIKit.framework in Frameworks */ = {isa = PBXBuildFile; fileRef = F5CC136417EF8B6800F2CF63 /* UIKit.framework */; };
		F5CC136B17EF8B6800F2CF63 /* InfoPlist.strings in Resources */ = {isa = PBXBuildFile; fileRef = F5CC136917EF8B6800F2CF63 /* InfoPlist.strings */; };
		F5CC136D17EF8B6800F2CF63 /* main.m in Sources */ = {isa = PBXBuildFile; fileRef = F5CC136C17EF8B6800F2CF63 /* main.m */; };
		F5CC137117EF8B6800F2CF63 /* MPAAppDelegate.m in Sources */ = {isa = PBXBuildFile; fileRef = F5CC137017EF8B6800F2CF63 /* MPAAppDelegate.m */; };
		F5CC137417EF8B6800F2CF63 /* Main.storyboard in Resources */ = {isa = PBXBuildFile; fileRef = F5CC137217EF8B6800F2CF63 /* Main.storyboard */; };
		F5CC137717EF8B6800F2CF63 /* MPAViewController.m in Sources */ = {isa = PBXBuildFile; fileRef = F5CC137617EF8B6800F2CF63 /* MPAViewController.m */; };
		F5CC137917EF8B6800F2CF63 /* Images.xcassets in Resources */ = {isa = PBXBuildFile; fileRef = F5CC137817EF8B6800F2CF63 /* Images.xcassets */; };
		F5CC138017EF8B6800F2CF63 /* XCTest.framework in Frameworks */ = {isa = PBXBuildFile; fileRef = F5CC137F17EF8B6800F2CF63 /* XCTest.framework */; };
		F5CC138117EF8B6800F2CF63 /* Foundation.framework in Frameworks */ = {isa = PBXBuildFile; fileRef = F5CC136017EF8B6800F2CF63 /* Foundation.framework */; };
		F5CC138217EF8B6800F2CF63 /* UIKit.framework in Frameworks */ = {isa = PBXBuildFile; fileRef = F5CC136417EF8B6800F2CF63 /* UIKit.framework */; };
		F5CC138A17EF8B6800F2CF63 /* InfoPlist.strings in Resources */ = {isa = PBXBuildFile; fileRef = F5CC138817EF8B6800F2CF63 /* InfoPlist.strings */; };
		F5CC138C17EF8B6800F2CF63 /* MyPersistantAppTests.m in Sources */ = {isa = PBXBuildFile; fileRef = F5CC138B17EF8B6800F2CF63 /* MyPersistantAppTests.m */; };
/* End PBXBuildFile section */

/* Begin PBXContainerItemProxy section */
		F5CC138317EF8B6800F2CF63 /* PBXContainerItemProxy */ = {
			isa = PBXContainerItemProxy;
			containerPortal = F5CC135517EF8B6800F2CF63 /* Project object */;
			proxyType = 1;
			remoteGlobalIDString = F5CC135C17EF8B6800F2CF63;
			remoteInfo = MyPersistantApp;
		};
/* End PBXContainerItemProxy section */

/* Begin PBXFileReference section */
		F5CC135D17EF8B6800F2CF63 /* MyPersistantApp.app */ = {isa = PBXFileReference; explicitFileType = wrapper.application; includeInIndex = 0; path = MyPersistantApp.app; sourceTree = BUILT_PRODUCTS_DIR; };
		F5CC136017EF8B6800F2CF63 /* Foundation.framework */ = {isa = PBXFileReference; lastKnownFileType = wrapper.framework; name = Foundation.framework; path = System/Library/Frameworks/Foundation.framework; sourceTree = SDKROOT; };
		F5CC136217EF8B6800F2CF63 /* CoreGraphics.framework */ = {isa = PBXFileReference; lastKnownFileType = wrapper.framework; name = CoreGraphics.framework; path = System/Library/Frameworks/CoreGraphics.framework; sourceTree = SDKROOT; };
		F5CC136417EF8B6800F2CF63 /* UIKit.framework */ = {isa = PBXFileReference; lastKnownFileType = wrapper.framework; name = UIKit.framework; path = System/Library/Frameworks/UIKit.framework; sourceTree = SDKROOT; };
		F5CC136817EF8B6800F2CF63 /* MyPersistantApp-Info.plist */ = {isa = PBXFileReference; lastKnownFileType = text.plist.xml; path = "MyPersistantApp-Info.plist"; sourceTree = "<group>"; };
		F5CC136A17EF8B6800F2CF63 /* en */ = {isa = PBXFileReference; lastKnownFileType = text.plist.strings; name = en; path = en.lproj/InfoPlist.strings; sourceTree = "<group>"; };
		F5CC136C17EF8B6800F2CF63 /* main.m */ = {isa = PBXFileReference; lastKnownFileType = sourcecode.c.objc; path = main.m; sourceTree = "<group>"; };
		F5CC136E17EF8B6800F2CF63 /* MyPersistantApp-Prefix.pch */ = {isa = PBXFileReference; lastKnownFileType = sourcecode.c.h; path = "MyPersistantApp-Prefix.pch"; sourceTree = "<group>"; };
		F5CC136F17EF8B6800F2CF63 /* MPAAppDelegate.h */ = {isa = PBXFileReference; lastKnownFileType = sourcecode.c.h; path = MPAAppDelegate.h; sourceTree = "<group>"; };
		F5CC137017EF8B6800F2CF63 /* MPAAppDelegate.m */ = {isa = PBXFileReference; lastKnownFileType = sourcecode.c.objc; path = MPAAppDelegate.m; sourceTree = "<group>"; };
		F5CC137317EF8B6800F2CF63 /* Base */ = {isa = PBXFileReference; lastKnownFileType = file.storyboard; name = Base; path = Base.lproj/Main.storyboard; sourceTree = "<group>"; };
		F5CC137517EF8B6800F2CF63 /* MPAViewController.h */ = {isa = PBXFileReference; lastKnownFileType = sourcecode.c.h; path = MPAViewController.h; sourceTree = "<group>"; };
		F5CC137617EF8B6800F2CF63 /* MPAViewController.m */ = {isa = PBXFileReference; lastKnownFileType = sourcecode.c.objc; path = MPAViewController.m; sourceTree = "<group>"; };
		F5CC137817EF8B6800F2CF63 /* Images.xcassets */ = {isa = PBXFileReference; lastKnownFileType = folder.assetcatalog; path = Images.xcassets; sourceTree = "<group>"; };
		F5CC137E17EF8B6800F2CF63 /* MyPersistantAppTests.xctest */ = {isa = PBXFileReference; explicitFileType = wrapper.cfbundle; includeInIndex = 0; path = MyPersistantAppTests.xctest; sourceTree = BUILT_PRODUCTS_DIR; };
		F5CC137F17EF8B6800F2CF63 /* XCTest.framework */ = {isa = PBXFileReference; lastKnownFileType = wrapper.framework; name = XCTest.framework; path = Library/Frameworks/XCTest.framework; sourceTree = DEVELOPER_DIR; };
		F5CC138717EF8B6800F2CF63 /* MyPersistantAppTests-Info.plist */ = {isa = PBXFileReference; lastKnownFileType = text.plist.xml; path = "MyPersistantAppTests-Info.plist"; sourceTree = "<group>"; };
		F5CC138917EF8B6800F2CF63 /* en */ = {isa = PBXFileReference; lastKnownFileType = text.plist.strings; name = en; path = en.lproj/InfoPlist.strings; sourceTree = "<group>"; };
		F5CC138B17EF8B6800F2CF63 /* MyPersistantAppTests.m */ = {isa = PBXFileReference; lastKnownFileType = sourcecode.c.objc; path = MyPersistantAppTests.m; sourceTree = "<group>"; };
/* End PBXFileReference section */

/* Begin PBXFrameworksBuildPhase section */
		F5CC135A17EF8B6800F2CF63 /* Frameworks */ = {
			isa = PBXFrameworksBuildPhase;
			buildActionMask = 2147483647;
			files = (
				F5CC136317EF8B6800F2CF63 /* CoreGraphics.framework in Frameworks */,
				F5CC136517EF8B6800F2CF63 /* UIKit.framework in Frameworks */,
				F5CC136117EF8B6800F2CF63 /* Foundation.framework in Frameworks */,
			);
			runOnlyForDeploymentPostprocessing = 0;
		};
		F5CC137B17EF8B6800F2CF63 /* Frameworks */ = {
			isa = PBXFrameworksBuildPhase;
			buildActionMask = 2147483647;
			files = (
				F5CC138017EF8B6800F2CF63 /* XCTest.framework in Frameworks */,
				F5CC138217EF8B6800F2CF63 /* UIKit.framework in Frameworks */,
				F5CC138117EF8B6800F2CF63 /* Foundation.framework in Frameworks */,
			);
			runOnlyForDeploymentPostprocessing = 0;
		};
/* End PBXFrameworksBuildPhase section */

/* Begin PBXGroup section */
		F5CC135417EF8B6800F2CF63 = {
			isa = PBXGroup;
			children = (
				F5CC136617EF8B6800F2CF63 /* MyPersistantApp */,
				F5CC138517EF8B6800F2CF63 /* MyPersistantAppTests */,
				F5CC135F17EF8B6800F2CF63 /* Frameworks */,
				F5CC135E17EF8B6800F2CF63 /* Products */,
			);
			sourceTree = "<group>";
		};
		F5CC135E17EF8B6800F2CF63 /* Products */ = {
			isa = PBXGroup;
			children = (
				F5CC135D17EF8B6800F2CF63 /* MyPersistantApp.app */,
				F5CC137E17EF8B6800F2CF63 /* MyPersistantAppTests.xctest */,
			);
			name = Products;
			sourceTree = "<group>";
		};
		F5CC135F17EF8B6800F2CF63 /* Frameworks */ = {
			isa = PBXGroup;
			children = (
				F5CC136017EF8B6800F2CF63 /* Foundation.framework */,
				F5CC136217EF8B6800F2CF63 /* CoreGraphics.framework */,
				F5CC136417EF8B6800F2CF63 /* UIKit.framework */,
				F5CC137F17EF8B6800F2CF63 /* XCTest.framework */,
			);
			name = Frameworks;
			sourceTree = "<group>";
		};
		F5CC136617EF8B6800F2CF63 /* MyPersistantApp */ = {
			isa = PBXGroup;
			children = (
				F5CC136F17EF8B6800F2CF63 /* MPAAppDelegate.h */,
				F5CC137017EF8B6800F2CF63 /* MPAAppDelegate.m */,
				F5CC137217EF8B6800F2CF63 /* Main.storyboard */,
				F5CC137517EF8B6800F2CF63 /* MPAViewController.h */,
				F5CC137617EF8B6800F2CF63 /* MPAViewController.m */,
				F5CC137817EF8B6800F2CF63 /* Images.xcassets */,
				F5CC136717EF8B6800F2CF63 /* Supporting Files */,
			);
			path = MyPersistantApp;
			sourceTree = "<group>";
		};
		F5CC136717EF8B6800F2CF63 /* Supporting Files */ = {
			isa = PBXGroup;
			children = (
				F5CC136817EF8B6800F2CF63 /* MyPersistantApp-Info.plist */,
				F5CC136917EF8B6800F2CF63 /* InfoPlist.strings */,
				F5CC136C17EF8B6800F2CF63 /* main.m */,
				F5CC136E17EF8B6800F2CF63 /* MyPersistantApp-Prefix.pch */,
			);
			name = "Supporting Files";
			sourceTree = "<group>";
		};
		F5CC138517EF8B6800F2CF63 /* MyPersistantAppTests */ = {
			isa = PBXGroup;
			children = (
				F5CC138B17EF8B6800F2CF63 /* MyPersistantAppTests.m */,
				F5CC138617EF8B6800F2CF63 /* Supporting Files */,
			);
			path = MyPersistantAppTests;
			sourceTree = "<group>";
		};
		F5CC138617EF8B6800F2CF63 /* Supporting Files */ = {
			isa = PBXGroup;
			children = (
				F5CC138717EF8B6800F2CF63 /* MyPersistantAppTests-Info.plist */,
				F5CC138817EF8B6800F2CF63 /* InfoPlist.strings */,
			);
			name = "Supporting Files";
			sourceTree = "<group>";
		};
/* End PBXGroup section */

/* Begin PBXNativeTarget section */
		F5CC135C17EF8B6800F2CF63 /* MyPersistantApp */ = {
			isa = PBXNativeTarget;
			buildConfigurationList = F5CC138F17EF8B6800F2CF63 /* Build configuration list for PBXNativeTarget "MyPersistantApp" */;
			buildPhases = (
				F5CC135917EF8B6800F2CF63 /* Sources */,
				F5CC135A17EF8B6800F2CF63 /* Frameworks */,
				F5CC135B17EF8B6800F2CF63 /* Resources */,
			);
			buildRules = (
			);
			dependencies = (
			);
			name = MyPersistantApp;
			productName = MyPersistantApp;
			productReference = F5CC135D17EF8B6800F2CF63 /* MyPersistantApp.app */;
			productType = "com.apple.product-type.application";
		};
		F5CC137D17EF8B6800F2CF63 /* MyPersistantAppTests */ = {
			isa = PBXNativeTarget;
			buildConfigurationList = F5CC139217EF8B6800F2CF63 /* Build configuration list for PBXNativeTarget "MyPersistantAppTests" */;
			buildPhases = (
				F5CC137A17EF8B6800F2CF63 /* Sources */,
				F5CC137B17EF8B6800F2CF63 /* Frameworks */,
				F5CC137C17EF8B6800F2CF63 /* Resources */,
			);
			buildRules = (
			);
			dependencies = (
				F5CC138417EF8B6800F2CF63 /* PBXTargetDependency */,
			);
			name = MyPersistantAppTests;
			productName = MyPersistantAppTests;
			productReference = F5CC137E17EF8B6800F2CF63 /* MyPersistantAppTests.xctest */;
			productType = "com.apple.product-type.bundle.unit-test";
		};
/* End PBXNativeTarget section */

/* Begin PBXProject section */
		F5CC135517EF8B6800F2CF63 /* Project object */ = {
			isa = PBXProject;
			attributes = {
				CLASSPREFIX = MPA;
				LastUpgradeCheck = 0500;
				ORGANIZATIONNAME = "Teddy Wyly";
				TargetAttributes = {
					F5CC137D17EF8B6800F2CF63 = {
						TestTargetID = F5CC135C17EF8B6800F2CF63;
					};
				};
			};
			buildConfigurationList = F5CC135817EF8B6800F2CF63 /* Build configuration list for PBXProject "MyPersistantApp" */;
			compatibilityVersion = "Xcode 3.2";
			developmentRegion = English;
			hasScannedForEncodings = 0;
			knownRegions = (
				en,
				Base,
			);
			mainGroup = F5CC135417EF8B6800F2CF63;
			productRefGroup = F5CC135E17EF8B6800F2CF63 /* Products */;
			projectDirPath = "";
			projectRoot = "";
			targets = (
				F5CC135C17EF8B6800F2CF63 /* MyPersistantApp */,
				F5CC137D17EF8B6800F2CF63 /* MyPersistantAppTests */,
			);
		};
/* End PBXProject section */

/* Begin PBXResourcesBuildPhase section */
		F5CC135B17EF8B6800F2CF63 /* Resources */ = {
			isa = PBXResourcesBuildPhase;
			buildActionMask = 2147483647;
			files = (
				F5CC137917EF8B6800F2CF63 /* Images.xcassets in Resources */,
				F5CC136B17EF8B6800F2CF63 /* InfoPlist.strings in Resources */,
				F5CC137417EF8B6800F2CF63 /* Main.storyboard in Resources */,
			);
			runOnlyForDeploymentPostprocessing = 0;
		};
		F5CC137C17EF8B6800F2CF63 /* Resources */ = {
			isa = PBXResourcesBuildPhase;
			buildActionMask = 2147483647;
			files = (
				F5CC138A17EF8B6800F2CF63 /* InfoPlist.strings in Resources */,
			);
			runOnlyForDeploymentPostprocessing = 0;
		};
/* End PBXResourcesBuildPhase section */

/* Begin PBXSourcesBuildPhase section */
		F5CC135917EF8B6800F2CF63 /* Sources */ = {
			isa = PBXSourcesBuildPhase;
			buildActionMask = 2147483647;
			files = (
				F5CC136D17EF8B6800F2CF63 /* main.m in Sources */,
				F5CC137117EF8B6800F2CF63 /* MPAAppDelegate.m in Sources */,
				F5CC137717EF8B6800F2CF63 /* MPAViewController.m in Sources */,
			);
			runOnlyForDeploymentPostprocessing = 0;
		};
		F5CC137A17EF8B6800F2CF63 /* Sources */ = {
			isa = PBXSourcesBuildPhase;
			buildActionMask = 2147483647;
			files = (
				F5CC138C17EF8B6800F2CF63 /* MyPersistantAppTests.m in Sources */,
			);
			runOnlyForDeploymentPostprocessing = 0;
		};
/* End PBXSourcesBuildPhase section */

/* Begin PBXTargetDependency section */
		F5CC138417EF8B6800F2CF63 /* PBXTargetDependency */ = {
			isa = PBXTargetDependency;
			target = F5CC135C17EF8B6800F2CF63 /* MyPersistantApp */;
			targetProxy = F5CC138317EF8B6800F2CF63 /* PBXContainerItemProxy */;
		};
/* End PBXTargetDependency section */

/* Begin PBXVariantGroup section */
		F5CC136917EF8B6800F2CF63 /* InfoPlist.strings */ = {
			isa = PBXVariantGroup;
			children = (
				F5CC136A17EF8B6800F2CF63 /* en */,
			);
			name = InfoPlist.strings;
			sourceTree = "<group>";
		};
		F5CC137217EF8B6800F2CF63 /* Main.storyboard */ = {
			isa = PBXVariantGroup;
			children = (
				F5CC137317EF8B6800F2CF63 /* Base */,
			);
			name = Main.storyboard;
			sourceTree = "<group>";
		};
		F5CC138817EF8B6800F2CF63 /* InfoPlist.strings */ = {
			isa = PBXVariantGroup;
			children = (
				F5CC138917EF8B6800F2CF63 /* en */,
			);
			name = InfoPlist.strings;
			sourceTree = "<group>";
		};
/* End PBXVariantGroup section */

/* Begin XCBuildConfiguration section */
		F5CC138D17EF8B6800F2CF63 /* Debug */ = {
			isa = XCBuildConfiguration;
			buildSettings = {
				ALWAYS_SEARCH_USER_PATHS = NO;
				ARCHS = "$(ARCHS_STANDARD_INCLUDING_64_BIT)";
				CLANG_CXX_LANGUAGE_STANDARD = "gnu++0x";
				CLANG_CXX_LIBRARY = "libc++";
				CLANG_ENABLE_MODULES = YES;
				CLANG_ENABLE_OBJC_ARC = YES;
				CLANG_WARN_BOOL_CONVERSION = YES;
				CLANG_WARN_CONSTANT_CONVERSION = YES;
				CLANG_WARN_DIRECT_OBJC_ISA_USAGE = YES_ERROR;
				CLANG_WARN_EMPTY_BODY = YES;
				CLANG_WARN_ENUM_CONVERSION = YES;
				CLANG_WARN_INT_CONVERSION = YES;
				CLANG_WARN_OBJC_ROOT_CLASS = YES_ERROR;
				CLANG_WARN__DUPLICATE_METHOD_MATCH = YES;
				"CODE_SIGN_IDENTITY[sdk=iphoneos*]" = "iPhone Developer";
				COPY_PHASE_STRIP = NO;
				GCC_C_LANGUAGE_STANDARD = gnu99;
				GCC_DYNAMIC_NO_PIC = NO;
				GCC_OPTIMIZATION_LEVEL = 0;
				GCC_PREPROCESSOR_DEFINITIONS = (
					"DEBUG=1",
					"$(inherited)",
				);
				GCC_SYMBOLS_PRIVATE_EXTERN = NO;
				GCC_WARN_64_TO_32_BIT_CONVERSION = YES;
				GCC_WARN_ABOUT_RETURN_TYPE = YES_ERROR;
				GCC_WARN_UNDECLARED_SELECTOR = YES;
				GCC_WARN_UNINITIALIZED_AUTOS = YES;
				GCC_WARN_UNUSED_FUNCTION = YES;
				GCC_WARN_UNUSED_VARIABLE = YES;
				IPHONEOS_DEPLOYMENT_TARGET = 7.0;
				ONLY_ACTIVE_ARCH = YES;
				SDKROOT = iphoneos;
			};
			name = Debug;
		};
		F5CC138E17EF8B6800F2CF63 /* Release */ = {
			isa = XCBuildConfiguration;
			buildSettings = {
				ALWAYS_SEARCH_USER_PATHS = NO;
				ARCHS = "$(ARCHS_STANDARD_INCLUDING_64_BIT)";
				CLANG_CXX_LANGUAGE_STANDARD = "gnu++0x";
				CLANG_CXX_LIBRARY = "libc++";
				CLANG_ENABLE_MODULES = YES;
				CLANG_ENABLE_OBJC_ARC = YES;
				CLANG_WARN_BOOL_CONVERSION = YES;
				CLANG_WARN_CONSTANT_CONVERSION = YES;
				CLANG_WARN_DIRECT_OBJC_ISA_USAGE = YES_ERROR;
				CLANG_WARN_EMPTY_BODY = YES;
				CLANG_WARN_ENUM_CONVERSION = YES;
				CLANG_WARN_INT_CONVERSION = YES;
				CLANG_WARN_OBJC_ROOT_CLASS = YES_ERROR;
				CLANG_WARN__DUPLICATE_METHOD_MATCH = YES;
				"CODE_SIGN_IDENTITY[sdk=iphoneos*]" = "iPhone Developer";
				COPY_PHASE_STRIP = YES;
				ENABLE_NS_ASSERTIONS = NO;
				GCC_C_LANGUAGE_STANDARD = gnu99;
				GCC_WARN_64_TO_32_BIT_CONVERSION = YES;
				GCC_WARN_ABOUT_RETURN_TYPE = YES_ERROR;
				GCC_WARN_UNDECLARED_SELECTOR = YES;
				GCC_WARN_UNINITIALIZED_AUTOS = YES;
				GCC_WARN_UNUSED_FUNCTION = YES;
				GCC_WARN_UNUSED_VARIABLE = YES;
				IPHONEOS_DEPLOYMENT_TARGET = 7.0;
				SDKROOT = iphoneos;
				VALIDATE_PRODUCT = YES;
			};
			name = Release;
		};
		F5CC139017EF8B6800F2CF63 /* Debug */ = {
			isa = XCBuildConfiguration;
			buildSettings = {
				ASSETCATALOG_COMPILER_APPICON_NAME = AppIcon;
				ASSETCATALOG_COMPILER_LAUNCHIMAGE_NAME = LaunchImage;
				GCC_PRECOMPILE_PREFIX_HEADER = YES;
				GCC_PREFIX_HEADER = "MyPersistantApp/MyPersistantApp-Prefix.pch";
				INFOPLIST_FILE = "MyPersistantApp/MyPersistantApp-Info.plist";
				PRODUCT_NAME = "$(TARGET_NAME)";
				WRAPPER_EXTENSION = app;
			};
			name = Debug;
		};
		F5CC139117EF8B6800F2CF63 /* Release */ = {
			isa = XCBuildConfiguration;
			buildSettings = {
				ASSETCATALOG_COMPILER_APPICON_NAME = AppIcon;
				ASSETCATALOG_COMPILER_LAUNCHIMAGE_NAME = LaunchImage;
				GCC_PRECOMPILE_PREFIX_HEADER = YES;
				GCC_PREFIX_HEADER = "MyPersistantApp/MyPersistantApp-Prefix.pch";
				INFOPLIST_FILE = "MyPersistantApp/MyPersistantApp-Info.plist";
				PRODUCT_NAME = "$(TARGET_NAME)";
				WRAPPER_EXTENSION = app;
			};
			name = Release;
		};
		F5CC139317EF8B6800F2CF63 /* Debug */ = {
			isa = XCBuildConfiguration;
			buildSettings = {
				ARCHS = "$(ARCHS_STANDARD_INCLUDING_64_BIT)";
				BUNDLE_LOADER = "$(BUILT_PRODUCTS_DIR)/MyPersistantApp.app/MyPersistantApp";
				FRAMEWORK_SEARCH_PATHS = (
					"$(SDKROOT)/Developer/Library/Frameworks",
					"$(inherited)",
					"$(DEVELOPER_FRAMEWORKS_DIR)",
				);
				GCC_PRECOMPILE_PREFIX_HEADER = YES;
				GCC_PREFIX_HEADER = "MyPersistantApp/MyPersistantApp-Prefix.pch";
				GCC_PREPROCESSOR_DEFINITIONS = (
					"DEBUG=1",
					"$(inherited)",
				);
				INFOPLIST_FILE = "MyPersistantAppTests/MyPersistantAppTests-Info.plist";
				PRODUCT_NAME = "$(TARGET_NAME)";
				TEST_HOST = "$(BUNDLE_LOADER)";
				WRAPPER_EXTENSION = xctest;
			};
			name = Debug;
		};
		F5CC139417EF8B6800F2CF63 /* Release */ = {
			isa = XCBuildConfiguration;
			buildSettings = {
				ARCHS = "$(ARCHS_STANDARD_INCLUDING_64_BIT)";
				BUNDLE_LOADER = "$(BUILT_PRODUCTS_DIR)/MyPersistantApp.app/MyPersistantApp";
				FRAMEWORK_SEARCH_PATHS = (
					"$(SDKROOT)/Developer/Library/Frameworks",
					"$(inherited)",
					"$(DEVELOPER_FRAMEWORKS_DIR)",
				);
				GCC_PRECOMPILE_PREFIX_HEADER = YES;
				GCC_PREFIX_HEADER = "MyPersistantApp/MyPersistantApp-Prefix.pch";
				INFOPLIST_FILE = "MyPersistantAppTests/MyPersistantAppTests-Info.plist";
				PRODUCT_NAME = "$(TARGET_NAME)";
				TEST_HOST = "$(BUNDLE_LOADER)";
				WRAPPER_EXTENSION = xctest;
			};
			name = Release;
		};
/* End XCBuildConfiguration section */

/* Begin XCConfigurationList section */
		F5CC135817EF8B6800F2CF63 /* Build configuration list for PBXProject "MyPersistantApp" */ = {
			isa = XCConfigurationList;
			buildConfigurations = (
				F5CC138D17EF8B6800F2CF63 /* Debug */,
				F5CC138E17EF8B6800F2CF63 /* Release */,
			);
			defaultConfigurationIsVisible = 0;
			defaultConfigurationName = Release;
		};
		F5CC138F17EF8B6800F2CF63 /* Build configuration list for PBXNativeTarget "MyPersistantApp" */ = {
			isa = XCConfigurationList;
			buildConfigurations = (
				F5CC139017EF8B6800F2CF63 /* Debug */,
				F5CC139117EF8B6800F2CF63 /* Release */,
			);
			defaultConfigurationIsVisible = 0;
		};
		F5CC139217EF8B6800F2CF63 /* Build configuration list for PBXNativeTarget "MyPersistantAppTests" */ = {
			isa = XCConfigurationList;
			buildConfigurations = (
				F5CC139317EF8B6800F2CF63 /* Debug */,
				F5CC139417EF8B6800F2CF63 /* Release */,
			);
			defaultConfigurationIsVisible = 0;
		};
/* End XCConfigurationList section */
	};
	rootObject = F5CC135517EF8B6800F2CF63 /* Project object */;
}
